
Microsoft Visual Studio Solution File, Format Version 12.00
# Visual Studio Version 16
VisualStudioVersion = 16.0.33927.289
MinimumVisualStudioVersion = 10.0.40219.1
Project("{FAE04EC0-301F-11D3-BF4B-00C04F79EFBC}") = "WorkshopSelector", "WorkshopSelector.csproj", "{0E1C4EB1-230A-4635-A7BF-A68EEF2C22BA}"
EndProject
Global
	GlobalSection(SolutionConfigurationPlatforms) = preSolution
		Debug|Any CPU = Debug|Any CPU
		Release|Any CPU = Release|Any CPU
	EndGlobalSection
	GlobalSection(ProjectConfigurationPlatforms) = postSolution
		{0E1C4EB1-230A-4635-A7BF-A68EEF2C22BA}.Debug|Any CPU.ActiveCfg = Debug|Any CPU
		{0E1C4EB1-230A-4635-A7BF-A68EEF2C22BA}.Debug|Any CPU.Build.0 = Debug|Any CPU
		{0E1C4EB1-230A-4635-A7BF-A68EEF2C22BA}.Release|Any CPU.ActiveCfg = Release|Any CPU
		{0E1C4EB1-230A-4635-A7BF-A68EEF2C22BA}.Release|Any CPU.Build.0 = Release|Any CPU
	EndGlobalSection
	GlobalSection(SolutionProperties) = preSolution
		HideSolutionNode = FALSE
	EndGlobalSection
	GlobalSection(ExtensibilityGlobals) = postSolution
		SolutionGuid = {1B7F6CD4-7478-4839-89F8-9C65B618E330}
	EndGlobalSection
EndGlobal
